
Microsoft Visual Studio Solution File, Format Version 12.00
# Visual Studio Version 17
Project("{8BC9CEB8-8B4A-11D0-8D11-00A0C91BC942}") = "ALL_BUILD", "ALL_BUILD.vcxproj", "{E85FC636-EEC5-3472-BBE5-9613839E2F0B}"
	ProjectSection(ProjectDependencies) = postProject
		{ABD8FE75-3C2B-3A09-8102-BE5E7FFA82A4} = {ABD8FE75-3C2B-3A09-8102-BE5E7FFA82A4}
		{FC3E841C-0D34-3155-8B89-E311F34D7A66} = {FC3E841C-0D34-3155-8B89-E311F34D7A66}
	EndProjectSection
EndProject
Project("{8BC9CEB8-8B4A-11D0-8D11-00A0C91BC942}") = "ZERO_CHECK", "ZERO_CHECK.vcxproj", "{ABD8FE75-3C2B-3A09-8102-BE5E7FFA82A4}"
	ProjectSection(ProjectDependencies) = postProject
	EndProjectSection
EndProject
Project("{8BC9CEB8-8B4A-11D0-8D11-00A0C91BC942}") = "blockgame", "blockgame.vcxproj", "{FC3E841C-0D34-3155-8B89-E311F34D7A66}"
	ProjectSection(ProjectDependencies) = postProject
		{ABD8FE75-3C2B-3A09-8102-BE5E7FFA82A4} = {ABD8FE75-3C2B-3A09-8102-BE5E7FFA82A4}
	EndProjectSection
EndProject
Global
	GlobalSection(SolutionConfigurationPlatforms) = preSolution
		Debug|x64 = Debug|x64
		Release|x64 = Release|x64
		MinSizeRel|x64 = MinSizeRel|x64
		RelWithDebInfo|x64 = RelWithDebInfo|x64
	EndGlobalSection
	GlobalSection(ProjectConfigurationPlatforms) = postSolution
		{E85FC636-EEC5-3472-BBE5-9613839E2F0B}.Debug|x64.ActiveCfg = Debug|x64
		{E85FC636-EEC5-3472-BBE5-9613839E2F0B}.Release|x64.ActiveCfg = Release|x64
		{E85FC636-EEC5-3472-BBE5-9613839E2F0B}.MinSizeRel|x64.ActiveCfg = MinSizeRel|x64
		{E85FC636-EEC5-3472-BBE5-9613839E2F0B}.RelWithDebInfo|x64.ActiveCfg = RelWithDebInfo|x64
		{ABD8FE75-3C2B-3A09-8102-BE5E7FFA82A4}.Debug|x64.ActiveCfg = Debug|x64
		{ABD8FE75-3C2B-3A09-8102-BE5E7FFA82A4}.Debug|x64.Build.0 = Debug|x64
		{ABD8FE75-3C2B-3A09-8102-BE5E7FFA82A4}.Release|x64.ActiveCfg = Release|x64
		{ABD8FE75-3C2B-3A09-8102-BE5E7FFA82A4}.Release|x64.Build.0 = Release|x64
		{ABD8FE75-3C2B-3A09-8102-BE5E7FFA82A4}.MinSizeRel|x64.ActiveCfg = MinSizeRel|x64
		{ABD8FE75-3C2B-3A09-8102-BE5E7FFA82A4}.MinSizeRel|x64.Build.0 = MinSizeRel|x64
		{ABD8FE75-3C2B-3A09-8102-BE5E7FFA82A4}.RelWithDebInfo|x64.ActiveCfg = RelWithDebInfo|x64
		{ABD8FE75-3C2B-3A09-8102-BE5E7FFA82A4}.RelWithDebInfo|x64.Build.0 = RelWithDebInfo|x64
		{FC3E841C-0D34-3155-8B89-E311F34D7A66}.Debug|x64.ActiveCfg = Debug|x64
		{FC3E841C-0D34-3155-8B89-E311F34D7A66}.Debug|x64.Build.0 = Debug|x64
		{FC3E841C-0D34-3155-8B89-E311F34D7A66}.Release|x64.ActiveCfg = Release|x64
		{FC3E841C-0D34-3155-8B89-E311F34D7A66}.Release|x64.Build.0 = Release|x64
		{FC3E841C-0D34-3155-8B89-E311F34D7A66}.MinSizeRel|x64.ActiveCfg = MinSizeRel|x64
		{FC3E841C-0D34-3155-8B89-E311F34D7A66}.MinSizeRel|x64.Build.0 = MinSizeRel|x64
		{FC3E841C-0D34-3155-8B89-E311F34D7A66}.RelWithDebInfo|x64.ActiveCfg = RelWithDebInfo|x64
		{FC3E841C-0D34-3155-8B89-E311F34D7A66}.RelWithDebInfo|x64.Build.0 = RelWithDebInfo|x64
	EndGlobalSection
	GlobalSection(ExtensibilityGlobals) = postSolution
		SolutionGuid = {74B8F10D-D132-3987-B6A0-B644475FC06B}
	EndGlobalSection
	GlobalSection(ExtensibilityAddIns) = postSolution
	EndGlobalSection
EndGlobal
