<?xml version="1.0" encoding="utf-8"?>
<Project ToolsVersion="17.0" xmlns="http://schemas.microsoft.com/developer/msbuild/2003">
  <ItemGroup>
    <CustomBuild Include="C:\Users\Jacob\Documents\code\BlockGame\build-codex-vs\CMakeFiles\c2582307a78f2c60e2ee4f9c13455876\generate.stamp.rule">
      <Filter>CMake Rules</Filter>
    </CustomBuild>
  </ItemGroup>
  <ItemGroup>
    <Filter Include="CMake Rules">
      <UniqueIdentifier>{6350D006-2A5F-335C-909F-85A0A3BA28B4}</UniqueIdentifier>
    </Filter>
  </ItemGroup>
</Project>
