<?xml version="1.0" encoding="utf-8"?>
<Project ToolsVersion="17.0" xmlns="http://schemas.microsoft.com/developer/msbuild/2003">
  <ItemGroup>
    <CustomBuild Include="C:\Users\Jacob\Documents\code\BlockGame\build-release\CMakeFiles\f4eedb1c8f41394bcc4aeb052387aec9\generate.stamp.rule">
      <Filter>CMake Rules</Filter>
    </CustomBuild>
  </ItemGroup>
  <ItemGroup>
    <Filter Include="CMake Rules">
      <UniqueIdentifier>{C85CDC25-9F88-3AB8-AEC4-C7C7D6C1983B}</UniqueIdentifier>
    </Filter>
  </ItemGroup>
</Project>
