
Microsoft Visual Studio Solution File, Format Version 12.00
# Visual Studio Version 18
Project("{8BC9CEB8-8B4A-11D0-8D11-00A0C91BC942}") = "ALL_BUILD", "ALL_BUILD.vcxproj", "{60E44845-BF48-34FE-A798-7F2F9B664940}"
	ProjectSection(ProjectDependencies) = postProject
		{32F35C9F-C84B-38EF-BF2C-9FD403B9EEA6} = {32F35C9F-C84B-38EF-BF2C-9FD403B9EEA6}
		{02055F10-C5BA-3A6A-9E7B-067500843E30} = {02055F10-C5BA-3A6A-9E7B-067500843E30}
	EndProjectSection
EndProject
Project("{8BC9CEB8-8B4A-11D0-8D11-00A0C91BC942}") = "ZERO_CHECK", "ZERO_CHECK.vcxproj", "{32F35C9F-C84B-38EF-BF2C-9FD403B9EEA6}"
	ProjectSection(ProjectDependencies) = postProject
	EndProjectSection
EndProject
Project("{8BC9CEB8-8B4A-11D0-8D11-00A0C91BC942}") = "blockgame", "blockgame.vcxproj", "{02055F10-C5BA-3A6A-9E7B-067500843E30}"
	ProjectSection(ProjectDependencies) = postProject
		{32F35C9F-C84B-38EF-BF2C-9FD403B9EEA6} = {32F35C9F-C84B-38EF-BF2C-9FD403B9EEA6}
	EndProjectSection
EndProject
Global
	GlobalSection(SolutionConfigurationPlatforms) = preSolution
		Debug|x64 = Debug|x64
		Release|x64 = Release|x64
		MinSizeRel|x64 = MinSizeRel|x64
		RelWithDebInfo|x64 = RelWithDebInfo|x64
	EndGlobalSection
	GlobalSection(ProjectConfigurationPlatforms) = postSolution
		{60E44845-BF48-34FE-A798-7F2F9B664940}.Debug|x64.ActiveCfg = Debug|x64
		{60E44845-BF48-34FE-A798-7F2F9B664940}.Release|x64.ActiveCfg = Release|x64
		{60E44845-BF48-34FE-A798-7F2F9B664940}.MinSizeRel|x64.ActiveCfg = MinSizeRel|x64
		{60E44845-BF48-34FE-A798-7F2F9B664940}.RelWithDebInfo|x64.ActiveCfg = RelWithDebInfo|x64
		{32F35C9F-C84B-38EF-BF2C-9FD403B9EEA6}.Debug|x64.ActiveCfg = Debug|x64
		{32F35C9F-C84B-38EF-BF2C-9FD403B9EEA6}.Debug|x64.Build.0 = Debug|x64
		{32F35C9F-C84B-38EF-BF2C-9FD403B9EEA6}.Release|x64.ActiveCfg = Release|x64
		{32F35C9F-C84B-38EF-BF2C-9FD403B9EEA6}.Release|x64.Build.0 = Release|x64
		{32F35C9F-C84B-38EF-BF2C-9FD403B9EEA6}.MinSizeRel|x64.ActiveCfg = MinSizeRel|x64
		{32F35C9F-C84B-38EF-BF2C-9FD403B9EEA6}.MinSizeRel|x64.Build.0 = MinSizeRel|x64
		{32F35C9F-C84B-38EF-BF2C-9FD403B9EEA6}.RelWithDebInfo|x64.ActiveCfg = RelWithDebInfo|x64
		{32F35C9F-C84B-38EF-BF2C-9FD403B9EEA6}.RelWithDebInfo|x64.Build.0 = RelWithDebInfo|x64
		{02055F10-C5BA-3A6A-9E7B-067500843E30}.Debug|x64.ActiveCfg = Debug|x64
		{02055F10-C5BA-3A6A-9E7B-067500843E30}.Debug|x64.Build.0 = Debug|x64
		{02055F10-C5BA-3A6A-9E7B-067500843E30}.Release|x64.ActiveCfg = Release|x64
		{02055F10-C5BA-3A6A-9E7B-067500843E30}.Release|x64.Build.0 = Release|x64
		{02055F10-C5BA-3A6A-9E7B-067500843E30}.MinSizeRel|x64.ActiveCfg = MinSizeRel|x64
		{02055F10-C5BA-3A6A-9E7B-067500843E30}.MinSizeRel|x64.Build.0 = MinSizeRel|x64
		{02055F10-C5BA-3A6A-9E7B-067500843E30}.RelWithDebInfo|x64.ActiveCfg = RelWithDebInfo|x64
		{02055F10-C5BA-3A6A-9E7B-067500843E30}.RelWithDebInfo|x64.Build.0 = RelWithDebInfo|x64
	EndGlobalSection
	GlobalSection(ExtensibilityGlobals) = postSolution
		SolutionGuid = {CBDC70EA-454E-3448-B22B-7E63E4D874B5}
	EndGlobalSection
	GlobalSection(ExtensibilityAddIns) = postSolution
	EndGlobalSection
EndGlobal
