<?xml version="1.0" encoding="utf-8"?>
<Project ToolsVersion="18.0" xmlns="http://schemas.microsoft.com/developer/msbuild/2003">
  <ItemGroup>
    <ClCompile Include="C:\Users\Jacob\Documents\code\BlockGame\src\main.cpp">
      <Filter>src</Filter>
    </ClCompile>
    <ClCompile Include="C:\Users\Jacob\Documents\code\BlockGame\src\camera.cpp">
      <Filter>src</Filter>
    </ClCompile>
    <ClCompile Include="C:\Users\Jacob\Documents\code\BlockGame\src\chunk_manager.cpp">
      <Filter>src</Filter>
    </ClCompile>
    <ClCompile Include="C:\Users\Jacob\Documents\code\BlockGame\src\input_context.cpp">
      <Filter>src</Filter>
    </ClCompile>
    <ClCompile Include="C:\Users\Jacob\Documents\code\BlockGame\src\renderer.cpp">
      <Filter>src</Filter>
    </ClCompile>
    <ClCompile Include="C:\Users\Jacob\Documents\code\BlockGame\src\terrain\biome_database.cpp">
      <Filter>src\terrain</Filter>
    </ClCompile>
    <ClCompile Include="C:\Users\Jacob\Documents\code\BlockGame\src\terrain\climate_map.cpp">
      <Filter>src\terrain</Filter>
    </ClCompile>
    <ClCompile Include="C:\Users\Jacob\Documents\code\BlockGame\src\terrain\surface_map.cpp">
      <Filter>src\terrain</Filter>
    </ClCompile>
    <ClCompile Include="C:\Users\Jacob\Documents\code\BlockGame\src\terrain\terrain_generator.cpp">
      <Filter>src\terrain</Filter>
    </ClCompile>
    <ClCompile Include="C:\Users\Jacob\Documents\code\BlockGame\src\terrain\worldgen_profile.cpp">
      <Filter>src\terrain</Filter>
    </ClCompile>
  </ItemGroup>
  <ItemGroup>
    <CustomBuild Include="C:\Users\Jacob\Documents\code\BlockGame\CMakeLists.txt" />
  </ItemGroup>
  <ItemGroup>
    <Filter Include="src">
      <UniqueIdentifier>{892FA40B-8EE1-3B53-861C-8B5EB6ABBE3F}</UniqueIdentifier>
    </Filter>
    <Filter Include="src\terrain">
      <UniqueIdentifier>{2CAC3773-3CB7-3F99-A75C-38D014B9F910}</UniqueIdentifier>
    </Filter>
  </ItemGroup>
</Project>
