
Microsoft Visual Studio Solution File, Format Version 12.00
# Visual Studio Version 17
Project("{8BC9CEB8-8B4A-11D0-8D11-00A0C91BC942}") = "ALL_BUILD", "ALL_BUILD.vcxproj", "{BA12B193-EBF7-3674-9623-DC6165991554}"
	ProjectSection(ProjectDependencies) = postProject
		{B677F59A-2BE3-31EB-8B05-FDA20C846EBF} = {B677F59A-2BE3-31EB-8B05-FDA20C846EBF}
		{D0E87BCD-0C95-3FA4-982B-3308B6C66591} = {D0E87BCD-0C95-3FA4-982B-3308B6C66591}
		{AB4D1FFC-00E3-3DE3-9875-A3D57E90802B} = {AB4D1FFC-00E3-3DE3-9875-A3D57E90802B}
	EndProjectSection
EndProject
Project("{8BC9CEB8-8B4A-11D0-8D11-00A0C91BC942}") = "ZERO_CHECK", "ZERO_CHECK.vcxproj", "{B677F59A-2BE3-31EB-8B05-FDA20C846EBF}"
	ProjectSection(ProjectDependencies) = postProject
	EndProjectSection
EndProject
Project("{8BC9CEB8-8B4A-11D0-8D11-00A0C91BC942}") = "blockgame", "blockgame.vcxproj", "{D0E87BCD-0C95-3FA4-982B-3308B6C66591}"
	ProjectSection(ProjectDependencies) = postProject
		{B677F59A-2BE3-31EB-8B05-FDA20C846EBF} = {B677F59A-2BE3-31EB-8B05-FDA20C846EBF}
		{AB4D1FFC-00E3-3DE3-9875-A3D57E90802B} = {AB4D1FFC-00E3-3DE3-9875-A3D57E90802B}
	EndProjectSection
EndProject
Project("{8BC9CEB8-8B4A-11D0-8D11-00A0C91BC942}") = "blockgame_shader_precompiler", "blockgame_shader_precompiler.vcxproj", "{AB4D1FFC-00E3-3DE3-9875-A3D57E90802B}"
	ProjectSection(ProjectDependencies) = postProject
		{B677F59A-2BE3-31EB-8B05-FDA20C846EBF} = {B677F59A-2BE3-31EB-8B05-FDA20C846EBF}
	EndProjectSection
EndProject
Global
	GlobalSection(SolutionConfigurationPlatforms) = preSolution
		Debug|x64 = Debug|x64
		Release|x64 = Release|x64
		MinSizeRel|x64 = MinSizeRel|x64
		RelWithDebInfo|x64 = RelWithDebInfo|x64
	EndGlobalSection
	GlobalSection(ProjectConfigurationPlatforms) = postSolution
		{BA12B193-EBF7-3674-9623-DC6165991554}.Debug|x64.ActiveCfg = Debug|x64
		{BA12B193-EBF7-3674-9623-DC6165991554}.Release|x64.ActiveCfg = Release|x64
		{BA12B193-EBF7-3674-9623-DC6165991554}.MinSizeRel|x64.ActiveCfg = MinSizeRel|x64
		{BA12B193-EBF7-3674-9623-DC6165991554}.RelWithDebInfo|x64.ActiveCfg = RelWithDebInfo|x64
		{B677F59A-2BE3-31EB-8B05-FDA20C846EBF}.Debug|x64.ActiveCfg = Debug|x64
		{B677F59A-2BE3-31EB-8B05-FDA20C846EBF}.Debug|x64.Build.0 = Debug|x64
		{B677F59A-2BE3-31EB-8B05-FDA20C846EBF}.Release|x64.ActiveCfg = Release|x64
		{B677F59A-2BE3-31EB-8B05-FDA20C846EBF}.Release|x64.Build.0 = Release|x64
		{B677F59A-2BE3-31EB-8B05-FDA20C846EBF}.MinSizeRel|x64.ActiveCfg = MinSizeRel|x64
		{B677F59A-2BE3-31EB-8B05-FDA20C846EBF}.MinSizeRel|x64.Build.0 = MinSizeRel|x64
		{B677F59A-2BE3-31EB-8B05-FDA20C846EBF}.RelWithDebInfo|x64.ActiveCfg = RelWithDebInfo|x64
		{B677F59A-2BE3-31EB-8B05-FDA20C846EBF}.RelWithDebInfo|x64.Build.0 = RelWithDebInfo|x64
		{D0E87BCD-0C95-3FA4-982B-3308B6C66591}.Debug|x64.ActiveCfg = Debug|x64
		{D0E87BCD-0C95-3FA4-982B-3308B6C66591}.Debug|x64.Build.0 = Debug|x64
		{D0E87BCD-0C95-3FA4-982B-3308B6C66591}.Release|x64.ActiveCfg = Release|x64
		{D0E87BCD-0C95-3FA4-982B-3308B6C66591}.Release|x64.Build.0 = Release|x64
		{D0E87BCD-0C95-3FA4-982B-3308B6C66591}.MinSizeRel|x64.ActiveCfg = MinSizeRel|x64
		{D0E87BCD-0C95-3FA4-982B-3308B6C66591}.MinSizeRel|x64.Build.0 = MinSizeRel|x64
		{D0E87BCD-0C95-3FA4-982B-3308B6C66591}.RelWithDebInfo|x64.ActiveCfg = RelWithDebInfo|x64
		{D0E87BCD-0C95-3FA4-982B-3308B6C66591}.RelWithDebInfo|x64.Build.0 = RelWithDebInfo|x64
		{AB4D1FFC-00E3-3DE3-9875-A3D57E90802B}.Debug|x64.ActiveCfg = Debug|x64
		{AB4D1FFC-00E3-3DE3-9875-A3D57E90802B}.Debug|x64.Build.0 = Debug|x64
		{AB4D1FFC-00E3-3DE3-9875-A3D57E90802B}.Release|x64.ActiveCfg = Release|x64
		{AB4D1FFC-00E3-3DE3-9875-A3D57E90802B}.Release|x64.Build.0 = Release|x64
		{AB4D1FFC-00E3-3DE3-9875-A3D57E90802B}.MinSizeRel|x64.ActiveCfg = MinSizeRel|x64
		{AB4D1FFC-00E3-3DE3-9875-A3D57E90802B}.MinSizeRel|x64.Build.0 = MinSizeRel|x64
		{AB4D1FFC-00E3-3DE3-9875-A3D57E90802B}.RelWithDebInfo|x64.ActiveCfg = RelWithDebInfo|x64
		{AB4D1FFC-00E3-3DE3-9875-A3D57E90802B}.RelWithDebInfo|x64.Build.0 = RelWithDebInfo|x64
	EndGlobalSection
	GlobalSection(ExtensibilityGlobals) = postSolution
		SolutionGuid = {4265B447-D65B-348E-B619-710EC087549D}
	EndGlobalSection
	GlobalSection(ExtensibilityAddIns) = postSolution
	EndGlobalSection
EndGlobal
