<?xml version="1.0" encoding="utf-8"?>
<Project ToolsVersion="17.0" xmlns="http://schemas.microsoft.com/developer/msbuild/2003">
  <ItemGroup>
    <CustomBuild Include="C:\Users\Jacob\Documents\code\BlockGame\build_nodxc\CMakeFiles\9578b84a829f59be81de781accc88959\generate.stamp.rule">
      <Filter>CMake Rules</Filter>
    </CustomBuild>
  </ItemGroup>
  <ItemGroup>
    <Filter Include="CMake Rules">
      <UniqueIdentifier>{51015ECD-33D0-3D9E-BB6D-81BDB2D876FC}</UniqueIdentifier>
    </Filter>
  </ItemGroup>
</Project>
