
Microsoft Visual Studio Solution File, Format Version 12.00
# Visual Studio Version 17
Project("{8BC9CEB8-8B4A-11D0-8D11-00A0C91BC942}") = "ALL_BUILD", "ALL_BUILD.vcxproj", "{F5679B68-7166-3BCD-B47F-2BE80C938A17}"
	ProjectSection(ProjectDependencies) = postProject
		{2A0A04E4-9471-370F-A6E8-F67D138C0133} = {2A0A04E4-9471-370F-A6E8-F67D138C0133}
		{CE32432E-CA59-35AF-9F1E-45717E711195} = {CE32432E-CA59-35AF-9F1E-45717E711195}
	EndProjectSection
EndProject
Project("{8BC9CEB8-8B4A-11D0-8D11-00A0C91BC942}") = "ZERO_CHECK", "ZERO_CHECK.vcxproj", "{2A0A04E4-9471-370F-A6E8-F67D138C0133}"
	ProjectSection(ProjectDependencies) = postProject
	EndProjectSection
EndProject
Project("{8BC9CEB8-8B4A-11D0-8D11-00A0C91BC942}") = "blockgame", "blockgame.vcxproj", "{CE32432E-CA59-35AF-9F1E-45717E711195}"
	ProjectSection(ProjectDependencies) = postProject
		{2A0A04E4-9471-370F-A6E8-F67D138C0133} = {2A0A04E4-9471-370F-A6E8-F67D138C0133}
	EndProjectSection
EndProject
Global
	GlobalSection(SolutionConfigurationPlatforms) = preSolution
		Debug|x64 = Debug|x64
		Release|x64 = Release|x64
		MinSizeRel|x64 = MinSizeRel|x64
		RelWithDebInfo|x64 = RelWithDebInfo|x64
	EndGlobalSection
	GlobalSection(ProjectConfigurationPlatforms) = postSolution
		{F5679B68-7166-3BCD-B47F-2BE80C938A17}.Debug|x64.ActiveCfg = Debug|x64
		{F5679B68-7166-3BCD-B47F-2BE80C938A17}.Release|x64.ActiveCfg = Release|x64
		{F5679B68-7166-3BCD-B47F-2BE80C938A17}.MinSizeRel|x64.ActiveCfg = MinSizeRel|x64
		{F5679B68-7166-3BCD-B47F-2BE80C938A17}.RelWithDebInfo|x64.ActiveCfg = RelWithDebInfo|x64
		{2A0A04E4-9471-370F-A6E8-F67D138C0133}.Debug|x64.ActiveCfg = Debug|x64
		{2A0A04E4-9471-370F-A6E8-F67D138C0133}.Debug|x64.Build.0 = Debug|x64
		{2A0A04E4-9471-370F-A6E8-F67D138C0133}.Release|x64.ActiveCfg = Release|x64
		{2A0A04E4-9471-370F-A6E8-F67D138C0133}.Release|x64.Build.0 = Release|x64
		{2A0A04E4-9471-370F-A6E8-F67D138C0133}.MinSizeRel|x64.ActiveCfg = MinSizeRel|x64
		{2A0A04E4-9471-370F-A6E8-F67D138C0133}.MinSizeRel|x64.Build.0 = MinSizeRel|x64
		{2A0A04E4-9471-370F-A6E8-F67D138C0133}.RelWithDebInfo|x64.ActiveCfg = RelWithDebInfo|x64
		{2A0A04E4-9471-370F-A6E8-F67D138C0133}.RelWithDebInfo|x64.Build.0 = RelWithDebInfo|x64
		{CE32432E-CA59-35AF-9F1E-45717E711195}.Debug|x64.ActiveCfg = Debug|x64
		{CE32432E-CA59-35AF-9F1E-45717E711195}.Debug|x64.Build.0 = Debug|x64
		{CE32432E-CA59-35AF-9F1E-45717E711195}.Release|x64.ActiveCfg = Release|x64
		{CE32432E-CA59-35AF-9F1E-45717E711195}.Release|x64.Build.0 = Release|x64
		{CE32432E-CA59-35AF-9F1E-45717E711195}.MinSizeRel|x64.ActiveCfg = MinSizeRel|x64
		{CE32432E-CA59-35AF-9F1E-45717E711195}.MinSizeRel|x64.Build.0 = MinSizeRel|x64
		{CE32432E-CA59-35AF-9F1E-45717E711195}.RelWithDebInfo|x64.ActiveCfg = RelWithDebInfo|x64
		{CE32432E-CA59-35AF-9F1E-45717E711195}.RelWithDebInfo|x64.Build.0 = RelWithDebInfo|x64
	EndGlobalSection
	GlobalSection(ExtensibilityGlobals) = postSolution
		SolutionGuid = {9E6AE257-697D-3952-B2B2-F0D8CB64BF7E}
	EndGlobalSection
	GlobalSection(ExtensibilityAddIns) = postSolution
	EndGlobalSection
EndGlobal
