
Microsoft Visual Studio Solution File, Format Version 12.00
# Visual Studio Version 17
Project("{8BC9CEB8-8B4A-11D0-8D11-00A0C91BC942}") = "ALL_BUILD", "ALL_BUILD.vcxproj", "{D12965DC-0A36-3016-B262-A9247FD17CAE}"
	ProjectSection(ProjectDependencies) = postProject
		{38B66D8F-A5D3-3D28-85B2-E6D1DFCD0330} = {38B66D8F-A5D3-3D28-85B2-E6D1DFCD0330}
		{77BE2D80-0E4E-3D64-9F7B-F81FAB6C0B3D} = {77BE2D80-0E4E-3D64-9F7B-F81FAB6C0B3D}
	EndProjectSection
EndProject
Project("{8BC9CEB8-8B4A-11D0-8D11-00A0C91BC942}") = "ZERO_CHECK", "ZERO_CHECK.vcxproj", "{38B66D8F-A5D3-3D28-85B2-E6D1DFCD0330}"
	ProjectSection(ProjectDependencies) = postProject
	EndProjectSection
EndProject
Project("{8BC9CEB8-8B4A-11D0-8D11-00A0C91BC942}") = "blockgame", "blockgame.vcxproj", "{77BE2D80-0E4E-3D64-9F7B-F81FAB6C0B3D}"
	ProjectSection(ProjectDependencies) = postProject
		{38B66D8F-A5D3-3D28-85B2-E6D1DFCD0330} = {38B66D8F-A5D3-3D28-85B2-E6D1DFCD0330}
	EndProjectSection
EndProject
Global
	GlobalSection(SolutionConfigurationPlatforms) = preSolution
		Debug|x64 = Debug|x64
		Release|x64 = Release|x64
		MinSizeRel|x64 = MinSizeRel|x64
		RelWithDebInfo|x64 = RelWithDebInfo|x64
	EndGlobalSection
	GlobalSection(ProjectConfigurationPlatforms) = postSolution
		{D12965DC-0A36-3016-B262-A9247FD17CAE}.Debug|x64.ActiveCfg = Debug|x64
		{D12965DC-0A36-3016-B262-A9247FD17CAE}.Release|x64.ActiveCfg = Release|x64
		{D12965DC-0A36-3016-B262-A9247FD17CAE}.MinSizeRel|x64.ActiveCfg = MinSizeRel|x64
		{D12965DC-0A36-3016-B262-A9247FD17CAE}.RelWithDebInfo|x64.ActiveCfg = RelWithDebInfo|x64
		{38B66D8F-A5D3-3D28-85B2-E6D1DFCD0330}.Debug|x64.ActiveCfg = Debug|x64
		{38B66D8F-A5D3-3D28-85B2-E6D1DFCD0330}.Debug|x64.Build.0 = Debug|x64
		{38B66D8F-A5D3-3D28-85B2-E6D1DFCD0330}.Release|x64.ActiveCfg = Release|x64
		{38B66D8F-A5D3-3D28-85B2-E6D1DFCD0330}.Release|x64.Build.0 = Release|x64
		{38B66D8F-A5D3-3D28-85B2-E6D1DFCD0330}.MinSizeRel|x64.ActiveCfg = MinSizeRel|x64
		{38B66D8F-A5D3-3D28-85B2-E6D1DFCD0330}.MinSizeRel|x64.Build.0 = MinSizeRel|x64
		{38B66D8F-A5D3-3D28-85B2-E6D1DFCD0330}.RelWithDebInfo|x64.ActiveCfg = RelWithDebInfo|x64
		{38B66D8F-A5D3-3D28-85B2-E6D1DFCD0330}.RelWithDebInfo|x64.Build.0 = RelWithDebInfo|x64
		{77BE2D80-0E4E-3D64-9F7B-F81FAB6C0B3D}.Debug|x64.ActiveCfg = Debug|x64
		{77BE2D80-0E4E-3D64-9F7B-F81FAB6C0B3D}.Debug|x64.Build.0 = Debug|x64
		{77BE2D80-0E4E-3D64-9F7B-F81FAB6C0B3D}.Release|x64.ActiveCfg = Release|x64
		{77BE2D80-0E4E-3D64-9F7B-F81FAB6C0B3D}.Release|x64.Build.0 = Release|x64
		{77BE2D80-0E4E-3D64-9F7B-F81FAB6C0B3D}.MinSizeRel|x64.ActiveCfg = MinSizeRel|x64
		{77BE2D80-0E4E-3D64-9F7B-F81FAB6C0B3D}.MinSizeRel|x64.Build.0 = MinSizeRel|x64
		{77BE2D80-0E4E-3D64-9F7B-F81FAB6C0B3D}.RelWithDebInfo|x64.ActiveCfg = RelWithDebInfo|x64
		{77BE2D80-0E4E-3D64-9F7B-F81FAB6C0B3D}.RelWithDebInfo|x64.Build.0 = RelWithDebInfo|x64
	EndGlobalSection
	GlobalSection(ExtensibilityGlobals) = postSolution
		SolutionGuid = {640BB064-49A3-3995-BF4F-55860EB29B7B}
	EndGlobalSection
	GlobalSection(ExtensibilityAddIns) = postSolution
	EndGlobalSection
EndGlobal
